
Microsoft Visual Studio Solution File, Format Version 12.00
# Visual Studio Version 16
VisualStudioVersion = 16.0.30204.135
MinimumVisualStudioVersion = 10.0.40219.1
Project("{FAE04EC0-301F-11D3-BF4B-00C04F79EFBC}") = "BTDMG", "BTDMG.csproj", "{4FBA690C-C76C-4A70-8D8E-76969481215D}"
EndProject
Global
	GlobalSection(SolutionConfigurationPlatforms) = preSolution
		Debug|Any CPU = Debug|Any CPU
		Release|Any CPU = Release|Any CPU
	EndGlobalSection
	GlobalSection(ProjectConfigurationPlatforms) = postSolution
		{4FBA690C-C76C-4A70-8D8E-76969481215D}.Debug|Any CPU.ActiveCfg = Debug|Any CPU
		{4FBA690C-C76C-4A70-8D8E-76969481215D}.Debug|Any CPU.Build.0 = Debug|Any CPU
		{4FBA690C-C76C-4A70-8D8E-76969481215D}.Release|Any CPU.ActiveCfg = Release|Any CPU
		{4FBA690C-C76C-4A70-8D8E-76969481215D}.Release|Any CPU.Build.0 = Release|Any CPU
	EndGlobalSection
	GlobalSection(SolutionProperties) = preSolution
		HideSolutionNode = FALSE
	EndGlobalSection
	GlobalSection(ExtensibilityGlobals) = postSolution
		SolutionGuid = {02A39047-65E6-48DF-AC48-D5A4EE76774A}
	EndGlobalSection
EndGlobal
